
Microsoft Visual Studio Solution File, Format Version 11.00
# Visual Studio 2010
Project("{FAE04EC0-301F-11D3-BF4B-00C04F79EFBC}") = "Vega X", "Vega X 3.15.csproj", "{96E19053-7E14-4F37-B644-C4E6DDB079B0}"
EndProject
Global
	GlobalSection(SolutionConfigurationPlatforms) = preSolution
		Debug|Any CPU = Debug|Any CPU
		Release|Any CPU = Release|Any CPU
	EndGlobalSection
	GlobalSection(ProjectConfigurationPlatforms) = postSolution
		{96E19053-7E14-4F37-B644-C4E6DDB079B0}.Debug|Any CPU.ActiveCfg = Debug|Any CPU
		{96E19053-7E14-4F37-B644-C4E6DDB079B0}.Debug|Any CPU.Build.0 = Debug|Any CPU
		{96E19053-7E14-4F37-B644-C4E6DDB079B0}.Release|Any CPU.ActiveCfg = Release|Any CPU
		{96E19053-7E14-4F37-B644-C4E6DDB079B0}.Release|Any CPU.Build.0 = Release|Any CPU
	EndGlobalSection
	GlobalSection(SolutionProperties) = preSolution
		HideSolutionNode = FALSE
	EndGlobalSection
EndGlobal
